# This file is automatically @generated by Cargo.
# It is not intended for manual editing.
version = 4

[[package]]
name = "flux-math"
version = "0.1.0"

[[package]]
name = "libflux"
version = "0.1.0"
dependencies = [
 "flux-math",
]

[[package]]
name = "libflux-capi"
version = "0.1.0"
dependencies = [
 "libflux",
]

[[package]]
name = "sandbox"
version = "0.1.0"
